
Microsoft Visual Studio Solution File, Format Version 12.00
# Visual Studio Version 17
VisualStudioVersion = 17.1.32319.34
MinimumVisualStudioVersion = 10.0.40219.1
Project("{FAE04EC0-301F-11D3-BF4B-00C04F79EFBC}") = "SampleNunitProject", "SampleNunitProject\SampleNunitProject.csproj", "{4E197F10-A33F-49BB-A8D1-EC83496ACDEF}"
EndProject
Project("{FAE04EC0-301F-11D3-BF4B-00C04F79EFBC}") = "BankWithdrawalUnitTest", "BankWithdrawalUnitTest\BankWithdrawalUnitTest.csproj", "{8382C7FF-EF85-4402-8F39-E077CB0CA5A6}"
EndProject
Global
	GlobalSection(SolutionConfigurationPlatforms) = preSolution
		Debug|Any CPU = Debug|Any CPU
		Release|Any CPU = Release|Any CPU
	EndGlobalSection
	GlobalSection(ProjectConfigurationPlatforms) = postSolution
		{4E197F10-A33F-49BB-A8D1-EC83496ACDEF}.Debug|Any CPU.ActiveCfg = Debug|Any CPU
		{4E197F10-A33F-49BB-A8D1-EC83496ACDEF}.Debug|Any CPU.Build.0 = Debug|Any CPU
		{4E197F10-A33F-49BB-A8D1-EC83496ACDEF}.Release|Any CPU.ActiveCfg = Release|Any CPU
		{4E197F10-A33F-49BB-A8D1-EC83496ACDEF}.Release|Any CPU.Build.0 = Release|Any CPU
		{8382C7FF-EF85-4402-8F39-E077CB0CA5A6}.Debug|Any CPU.ActiveCfg = Debug|Any CPU
		{8382C7FF-EF85-4402-8F39-E077CB0CA5A6}.Debug|Any CPU.Build.0 = Debug|Any CPU
		{8382C7FF-EF85-4402-8F39-E077CB0CA5A6}.Release|Any CPU.ActiveCfg = Release|Any CPU
		{8382C7FF-EF85-4402-8F39-E077CB0CA5A6}.Release|Any CPU.Build.0 = Release|Any CPU
	EndGlobalSection
	GlobalSection(SolutionProperties) = preSolution
		HideSolutionNode = FALSE
	EndGlobalSection
	GlobalSection(ExtensibilityGlobals) = postSolution
		SolutionGuid = {BE6A79A5-0F8F-4A8B-AD8B-DCA12864BF48}
	EndGlobalSection
EndGlobal
